
Microsoft Visual Studio Solution File, Format Version 12.00
# Visual Studio 15
VisualStudioVersion = 15.0.27703.2042
MinimumVisualStudioVersion = 10.0.40219.1
Project("{FAE04EC0-301F-11D3-BF4B-00C04F79EFBC}") = "10-面向对象多态", "10-面向对象多态\10-面向对象多态.csproj", "{6BD4C9E2-53A1-4A92-BC33-B2830631E583}"
EndProject
Project("{FAE04EC0-301F-11D3-BF4B-00C04F79EFBC}") = "复习", "复习\复习.csproj", "{FF961749-0920-4B69-BEFA-7A704B3A69BB}"
EndProject
Project("{FAE04EC0-301F-11D3-BF4B-00C04F79EFBC}") = "List泛型集合", "List泛型集合\List泛型集合.csproj", "{B1911C20-E251-4374-90FF-7872C6112F83}"
EndProject
Project("{FAE04EC0-301F-11D3-BF4B-00C04F79EFBC}") = "装箱与拆箱", "装箱与拆箱\装箱与拆箱.csproj", "{A41EFFEA-7BFF-4F97-950F-03F3ED155BFE}"
EndProject
Project("{FAE04EC0-301F-11D3-BF4B-00C04F79EFBC}") = "字典集合", "字典集合\字典集合.csproj", "{C560C71D-2780-429E-B4D1-E31E64BE48A7}"
EndProject
Project("{FAE04EC0-301F-11D3-BF4B-00C04F79EFBC}") = "泛型练习", "泛型练习\泛型练习.csproj", "{090DE48A-0F9B-4BA9-8433-A43AC0100024}"
EndProject
Project("{FAE04EC0-301F-11D3-BF4B-00C04F79EFBC}") = "FileStream类", "FileStream类\FileStream类.csproj", "{5107CEEB-1B11-442A-AA8C-98DD97ABF55D}"
EndProject
Project("{FAE04EC0-301F-11D3-BF4B-00C04F79EFBC}") = "StreamWriter与StreamReader", "StreamWriter与StreamReader\StreamWriter与StreamReader.csproj", "{0C12B2A9-994B-4FAB-9E00-7589770AFF88}"
EndProject
Project("{FAE04EC0-301F-11D3-BF4B-00C04F79EFBC}") = "多态", "多态\多态.csproj", "{C4EC4AF5-56DA-4E5A-B172-AF1A5E077FD2}"
EndProject
Project("{FAE04EC0-301F-11D3-BF4B-00C04F79EFBC}") = "多态练习", "多态练习\多态练习.csproj", "{12E31611-157A-4980-B766-06654278E5BA}"
EndProject
Global
	GlobalSection(SolutionConfigurationPlatforms) = preSolution
		Debug|Any CPU = Debug|Any CPU
		Release|Any CPU = Release|Any CPU
	EndGlobalSection
	GlobalSection(ProjectConfigurationPlatforms) = postSolution
		{6BD4C9E2-53A1-4A92-BC33-B2830631E583}.Debug|Any CPU.ActiveCfg = Debug|Any CPU
		{6BD4C9E2-53A1-4A92-BC33-B2830631E583}.Debug|Any CPU.Build.0 = Debug|Any CPU
		{6BD4C9E2-53A1-4A92-BC33-B2830631E583}.Release|Any CPU.ActiveCfg = Release|Any CPU
		{6BD4C9E2-53A1-4A92-BC33-B2830631E583}.Release|Any CPU.Build.0 = Release|Any CPU
		{FF961749-0920-4B69-BEFA-7A704B3A69BB}.Debug|Any CPU.ActiveCfg = Debug|Any CPU
		{FF961749-0920-4B69-BEFA-7A704B3A69BB}.Debug|Any CPU.Build.0 = Debug|Any CPU
		{FF961749-0920-4B69-BEFA-7A704B3A69BB}.Release|Any CPU.ActiveCfg = Release|Any CPU
		{FF961749-0920-4B69-BEFA-7A704B3A69BB}.Release|Any CPU.Build.0 = Release|Any CPU
		{B1911C20-E251-4374-90FF-7872C6112F83}.Debug|Any CPU.ActiveCfg = Debug|Any CPU
		{B1911C20-E251-4374-90FF-7872C6112F83}.Debug|Any CPU.Build.0 = Debug|Any CPU
		{B1911C20-E251-4374-90FF-7872C6112F83}.Release|Any CPU.ActiveCfg = Release|Any CPU
		{B1911C20-E251-4374-90FF-7872C6112F83}.Release|Any CPU.Build.0 = Release|Any CPU
		{A41EFFEA-7BFF-4F97-950F-03F3ED155BFE}.Debug|Any CPU.ActiveCfg = Debug|Any CPU
		{A41EFFEA-7BFF-4F97-950F-03F3ED155BFE}.Debug|Any CPU.Build.0 = Debug|Any CPU
		{A41EFFEA-7BFF-4F97-950F-03F3ED155BFE}.Release|Any CPU.ActiveCfg = Release|Any CPU
		{A41EFFEA-7BFF-4F97-950F-03F3ED155BFE}.Release|Any CPU.Build.0 = Release|Any CPU
		{C560C71D-2780-429E-B4D1-E31E64BE48A7}.Debug|Any CPU.ActiveCfg = Debug|Any CPU
		{C560C71D-2780-429E-B4D1-E31E64BE48A7}.Debug|Any CPU.Build.0 = Debug|Any CPU
		{C560C71D-2780-429E-B4D1-E31E64BE48A7}.Release|Any CPU.ActiveCfg = Release|Any CPU
		{C560C71D-2780-429E-B4D1-E31E64BE48A7}.Release|Any CPU.Build.0 = Release|Any CPU
		{090DE48A-0F9B-4BA9-8433-A43AC0100024}.Debug|Any CPU.ActiveCfg = Debug|Any CPU
		{090DE48A-0F9B-4BA9-8433-A43AC0100024}.Debug|Any CPU.Build.0 = Debug|Any CPU
		{090DE48A-0F9B-4BA9-8433-A43AC0100024}.Release|Any CPU.ActiveCfg = Release|Any CPU
		{090DE48A-0F9B-4BA9-8433-A43AC0100024}.Release|Any CPU.Build.0 = Release|Any CPU
		{5107CEEB-1B11-442A-AA8C-98DD97ABF55D}.Debug|Any CPU.ActiveCfg = Debug|Any CPU
		{5107CEEB-1B11-442A-AA8C-98DD97ABF55D}.Debug|Any CPU.Build.0 = Debug|Any CPU
		{5107CEEB-1B11-442A-AA8C-98DD97ABF55D}.Release|Any CPU.ActiveCfg = Release|Any CPU
		{5107CEEB-1B11-442A-AA8C-98DD97ABF55D}.Release|Any CPU.Build.0 = Release|Any CPU
		{0C12B2A9-994B-4FAB-9E00-7589770AFF88}.Debug|Any CPU.ActiveCfg = Debug|Any CPU
		{0C12B2A9-994B-4FAB-9E00-7589770AFF88}.Debug|Any CPU.Build.0 = Debug|Any CPU
		{0C12B2A9-994B-4FAB-9E00-7589770AFF88}.Release|Any CPU.ActiveCfg = Release|Any CPU
		{0C12B2A9-994B-4FAB-9E00-7589770AFF88}.Release|Any CPU.Build.0 = Release|Any CPU
		{C4EC4AF5-56DA-4E5A-B172-AF1A5E077FD2}.Debug|Any CPU.ActiveCfg = Debug|Any CPU
		{C4EC4AF5-56DA-4E5A-B172-AF1A5E077FD2}.Debug|Any CPU.Build.0 = Debug|Any CPU
		{C4EC4AF5-56DA-4E5A-B172-AF1A5E077FD2}.Release|Any CPU.ActiveCfg = Release|Any CPU
		{C4EC4AF5-56DA-4E5A-B172-AF1A5E077FD2}.Release|Any CPU.Build.0 = Release|Any CPU
		{12E31611-157A-4980-B766-06654278E5BA}.Debug|Any CPU.ActiveCfg = Debug|Any CPU
		{12E31611-157A-4980-B766-06654278E5BA}.Debug|Any CPU.Build.0 = Debug|Any CPU
		{12E31611-157A-4980-B766-06654278E5BA}.Release|Any CPU.ActiveCfg = Release|Any CPU
		{12E31611-157A-4980-B766-06654278E5BA}.Release|Any CPU.Build.0 = Release|Any CPU
	EndGlobalSection
	GlobalSection(SolutionProperties) = preSolution
		HideSolutionNode = FALSE
	EndGlobalSection
	GlobalSection(ExtensibilityGlobals) = postSolution
		SolutionGuid = {7E734459-E5E7-406E-AE91-01629873C69D}
	EndGlobalSection
EndGlobal
