
Microsoft Visual Studio Solution File, Format Version 12.00
# Visual Studio 15
VisualStudioVersion = 15.0.27703.2042
MinimumVisualStudioVersion = 10.0.40219.1
Project("{FAE04EC0-301F-11D3-BF4B-00C04F79EFBC}") = "10-面向对象多态", "10-面向对象多态\10-面向对象多态.csproj", "{6BD4C9E2-53A1-4A92-BC33-B2830631E583}"
EndProject
Global
	GlobalSection(SolutionConfigurationPlatforms) = preSolution
		Debug|Any CPU = Debug|Any CPU
		Release|Any CPU = Release|Any CPU
	EndGlobalSection
	GlobalSection(ProjectConfigurationPlatforms) = postSolution
		{6BD4C9E2-53A1-4A92-BC33-B2830631E583}.Debug|Any CPU.ActiveCfg = Debug|Any CPU
		{6BD4C9E2-53A1-4A92-BC33-B2830631E583}.Debug|Any CPU.Build.0 = Debug|Any CPU
		{6BD4C9E2-53A1-4A92-BC33-B2830631E583}.Release|Any CPU.ActiveCfg = Release|Any CPU
		{6BD4C9E2-53A1-4A92-BC33-B2830631E583}.Release|Any CPU.Build.0 = Release|Any CPU
	EndGlobalSection
	GlobalSection(SolutionProperties) = preSolution
		HideSolutionNode = FALSE
	EndGlobalSection
	GlobalSection(ExtensibilityGlobals) = postSolution
		SolutionGuid = {7E734459-E5E7-406E-AE91-01629873C69D}
	EndGlobalSection
EndGlobal
